// !$*UTF8*$!
{
	archiveVersion = 1;
	classes = {
	};
	objectVersion = 56;
	objects = {
		F10000000000000000000001 /* main.m in Sources */ = {isa = PBXBuildFile; fileRef = C10000000000000000000001 /* main.m */; };
		C10000000000000000000001 /* main.m */ = {isa = PBXFileReference; lastKnownFileType = sourcecode.c.objc; name = main.m; path = src/main.m; sourceTree = "<group>"; };
		C10000000000000000000002 /* BongBongSign.app */ = {isa = PBXFileReference; explicitFileType = wrapper.application; includeInIndex = 0; path = BongBongSign.app; sourceTree = BUILT_PRODUCTS_DIR; };
		D10000000000000000000001 = {
			isa = PBXGroup;
			children = (
				C10000000000000000000001 /* main.m */,
				E10000000000000000000001 /* Products */,
			);
			sourceTree = "<group>";
		};
		E10000000000000000000001 /* Products */ = {
			isa = PBXGroup;
			children = (
				C10000000000000000000002 /* BongBongSign.app */,
			);
			name = Products;
			sourceTree = "<group>";
		};
		G10000000000000000000001 /* Sources */ = {
			isa = PBXSourcesBuildPhase;
			buildActionMask = 2147483647;
			files = (
				F10000000000000000000001 /* main.m in Sources */,
			);
			runOnlyForDeploymentPostprocessing = 0;
		};
		G10000000000000000000002 /* Frameworks */ = {
			isa = PBXFrameworksBuildPhase;
			buildActionMask = 2147483647;
			files = (
			);
			runOnlyForDeploymentPostprocessing = 0;
		};
		G10000000000000000000003 /* Resources */ = {
			isa = PBXResourcesBuildPhase;
			buildActionMask = 2147483647;
			files = (
			);
			runOnlyForDeploymentPostprocessing = 0;
		};
		B10000000000000000000001 /* BongBongSign */ = {
			isa = PBXNativeTarget;
			buildConfigurationList = J10000000000000000000002 /* Build configuration list for PBXNativeTarget "BongBongSign" */;
			buildPhases = (
				G10000000000000000000001 /* Sources */,
				G10000000000000000000002 /* Frameworks */,
				G10000000000000000000003 /* Resources */,
			);
			buildRules = (
			);
			dependencies = (
			);
			name = BongBongSign;
			productName = BongBongSign;
			productReference = C10000000000000000000002 /* BongBongSign.app */;
			productType = "com.apple.product-type.application";
		};
		A10000000000000000000001 /* Project object */ = {
			isa = PBXProject;
			attributes = {
				BuildIndependentTargetsInParallel = 1;
				LastUpgradeCheck = 1500;
				TargetAttributes = {
					B10000000000000000000001 = {
						CreatedOnToolsVersion = 15.0;
					};
				};
			};
			buildConfigurationList = J10000000000000000000001 /* Build configuration list for PBXProject "BongBongSign" */;
			compatibilityVersion = "Xcode 14.0";
			developmentRegion = en;
			hasScannedForEncodings = 0;
			knownRegions = (
				en,
				Base,
			);
			mainGroup = D10000000000000000000001;
			productRefGroup = E10000000000000000000001 /* Products */;
			projectDirPath = "";
			projectRoot = "";
			targets = (
				B10000000000000000000001 /* BongBongSign */,
			);
		};
		H10000000000000000000001 /* Debug */ = {
			isa = XCBuildConfiguration;
			buildSettings = {
				ALWAYS_SEARCH_USER_PATHS = NO;
				CLANG_ENABLE_MODULES = YES;
				CLANG_ENABLE_OBJC_ARC = YES;
				DEBUG_INFORMATION_FORMAT = dwarf;
				ENABLE_TESTABILITY = YES;
				GCC_OPTIMIZATION_LEVEL = 0;
				IPHONEOS_DEPLOYMENT_TARGET = 15.0;
				SDKROOT = iphoneos;
			};
			name = Debug;
		};
		H10000000000000000000002 /* Release */ = {
			isa = XCBuildConfiguration;
			buildSettings = {
				ALWAYS_SEARCH_USER_PATHS = NO;
				CLANG_ENABLE_MODULES = YES;
				CLANG_ENABLE_OBJC_ARC = YES;
				IPHONEOS_DEPLOYMENT_TARGET = 15.0;
				SDKROOT = iphoneos;
			};
			name = Release;
		};
		I10000000000000000000001 /* Debug */ = {
			isa = XCBuildConfiguration;
			buildSettings = {
				CODE_SIGN_STYLE = Automatic;
				DEVELOPMENT_TEAM = PFET672VQB;
				GENERATE_INFOPLIST_FILE = YES;
				INFOPLIST_KEY_UILaunchScreen_Generation = YES;
				PRODUCT_BUNDLE_IDENTIFIER = com.otobrglez.bongbong;
				PRODUCT_NAME = "$(TARGET_NAME)";
				TARGETED_DEVICE_FAMILY = "1,2";
			};
			name = Debug;
		};
		I10000000000000000000002 /* Release */ = {
			isa = XCBuildConfiguration;
			buildSettings = {
				CODE_SIGN_STYLE = Automatic;
				DEVELOPMENT_TEAM = PFET672VQB;
				GENERATE_INFOPLIST_FILE = YES;
				INFOPLIST_KEY_UILaunchScreen_Generation = YES;
				PRODUCT_BUNDLE_IDENTIFIER = com.otobrglez.bongbong;
				PRODUCT_NAME = "$(TARGET_NAME)";
				TARGETED_DEVICE_FAMILY = "1,2";
			};
			name = Release;
		};
		J10000000000000000000001 /* Build configuration list for PBXProject "BongBongSign" */ = {
			isa = XCConfigurationList;
			buildConfigurations = (
				H10000000000000000000001 /* Debug */,
				H10000000000000000000002 /* Release */,
			);
			defaultConfigurationIsVisible = 0;
			defaultConfigurationName = Release;
		};
		J10000000000000000000002 /* Build configuration list for PBXNativeTarget "BongBongSign" */ = {
			isa = XCConfigurationList;
			buildConfigurations = (
				I10000000000000000000001 /* Debug */,
				I10000000000000000000002 /* Release */,
			);
			defaultConfigurationIsVisible = 0;
			defaultConfigurationName = Release;
		};
	};
	rootObject = A10000000000000000000001 /* Project object */;
}
